// !$*UTF8*$!
{
	archiveVersion = 1;
	classes = {
	};
	objectVersion = 46;
	objects = {

/* Begin PBXBuildFile section */
		1D60589F0D05DD5A006BFB54 /* Foundation.framework in Frameworks */ = {isa = PBXBuildFile; fileRef = 1D30AB110D05D00D00671497 /* Foundation.framework */; };
		1DF5F4E00D08C38300B7A737 /* UIKit.framework in Frameworks */ = {isa = PBXBuildFile; fileRef = 1DF5F4DF0D08C38300B7A737 /* UIKit.framework */; };
		288765A50DF7441C002DB57D /* CoreGraphics.framework in Frameworks */ = {isa = PBXBuildFile; fileRef = 288765A40DF7441C002DB57D /* CoreGraphics.framework */; };
		82D94E2C140E511B00AAB4DE /* main.mm in Sources */ = {isa = PBXBuildFile; fileRef = 82D94E2B140E511B00AAB4DE /* main.mm */; };
		82D94E2F140E512A00AAB4DE /* moc_feedback.cpp in Sources */ = {isa = PBXBuildFile; fileRef = 82D94E2D140E512A00AAB4DE /* moc_feedback.cpp */; };
		82D94E30140E512A00AAB4DE /* moc_qmlapplicationviewer.cpp in Sources */ = {isa = PBXBuildFile; fileRef = 82D94E2E140E512A00AAB4DE /* moc_qmlapplicationviewer.cpp */; };
		82D94E33140E525300AAB4DE /* feedback.cpp in Sources */ = {isa = PBXBuildFile; fileRef = 82D94E31140E525300AAB4DE /* feedback.cpp */; };
		82D94E34140E525300AAB4DE /* imageprovider.cpp in Sources */ = {isa = PBXBuildFile; fileRef = 82D94E32140E525300AAB4DE /* imageprovider.cpp */; };
		82D94EA2140E53D600AAB4DE /* QuartzCore.framework in Frameworks */ = {isa = PBXBuildFile; fileRef = 82D94E9E140E53D600AAB4DE /* QuartzCore.framework */; };
		82D94EA3140E53D600AAB4DE /* OpenGLES.framework in Frameworks */ = {isa = PBXBuildFile; fileRef = 82D94E9F140E53D600AAB4DE /* OpenGLES.framework */; };
		82D94EA4140E53D600AAB4DE /* CoreText.framework in Frameworks */ = {isa = PBXBuildFile; fileRef = 82D94EA0140E53D600AAB4DE /* CoreText.framework */; };
		82D94EA5140E53D600AAB4DE /* libz.1.2.3.dylib in Frameworks */ = {isa = PBXBuildFile; fileRef = 82D94EA1140E53D600AAB4DE /* libz.1.2.3.dylib */; };
		82D94EAF140E53F100AAB4DE /* libquikit.a in Frameworks */ = {isa = PBXBuildFile; fileRef = 82D94EA6140E53F100AAB4DE /* libquikit.a */; };
		82D94EB0140E53F100AAB4DE /* libQtCore.a in Frameworks */ = {isa = PBXBuildFile; fileRef = 82D94EA7140E53F100AAB4DE /* libQtCore.a */; };
		82D94EB1140E53F100AAB4DE /* libQtDeclarative.a in Frameworks */ = {isa = PBXBuildFile; fileRef = 82D94EA8140E53F100AAB4DE /* libQtDeclarative.a */; };
		82D94EB2140E53F100AAB4DE /* libQtGui.a in Frameworks */ = {isa = PBXBuildFile; fileRef = 82D94EA9140E53F100AAB4DE /* libQtGui.a */; };
		82D94EB3140E53F100AAB4DE /* libQtNetwork.a in Frameworks */ = {isa = PBXBuildFile; fileRef = 82D94EAA140E53F100AAB4DE /* libQtNetwork.a */; };
		82D94EB4140E53F100AAB4DE /* libQtOpenGL.a in Frameworks */ = {isa = PBXBuildFile; fileRef = 82D94EAB140E53F100AAB4DE /* libQtOpenGL.a */; };
		82D94EB5140E53F100AAB4DE /* libQtScript.a in Frameworks */ = {isa = PBXBuildFile; fileRef = 82D94EAC140E53F100AAB4DE /* libQtScript.a */; };
		82D94EB6140E53F100AAB4DE /* libQtSql.a in Frameworks */ = {isa = PBXBuildFile; fileRef = 82D94EAD140E53F100AAB4DE /* libQtSql.a */; };
		82D94EB7140E53F100AAB4DE /* libQtXmlPatterns.a in Frameworks */ = {isa = PBXBuildFile; fileRef = 82D94EAE140E53F100AAB4DE /* libQtXmlPatterns.a */; };
		82D94EC9140E54F900AAB4DE /* libQtSvg.a in Frameworks */ = {isa = PBXBuildFile; fileRef = 82D94EC8140E54F900AAB4DE /* libQtSvg.a */; };
		82D94ECB140E550200AAB4DE /* libphonon.a in Frameworks */ = {isa = PBXBuildFile; fileRef = 82D94ECA140E550200AAB4DE /* libphonon.a */; };
		82D94ED0140E554000AAB4DE /* qmlapplicationviewer.cpp in Sources */ = {isa = PBXBuildFile; fileRef = 82D94ECE140E554000AAB4DE /* qmlapplicationviewer.cpp */; };
		82D94ED4140E557500AAB4DE /* libphonon_av.a in Frameworks */ = {isa = PBXBuildFile; fileRef = 82D94ED3140E557500AAB4DE /* libphonon_av.a */; };
		82D94F64140E55CB00AAB4DE /* AVFoundation.framework in Frameworks */ = {isa = PBXBuildFile; fileRef = 82D94F63140E55CB00AAB4DE /* AVFoundation.framework */; };
		82D94FC2140E567E00AAB4DE /* data in Resources */ = {isa = PBXBuildFile; fileRef = 82D94FA6140E567E00AAB4DE /* data */; };
		82D94FD3140E569500AAB4DE /* mp3audio in Resources */ = {isa = PBXBuildFile; fileRef = 82D94FC8140E569500AAB4DE /* mp3audio */; };
		82D94FF3140E56BF00AAB4DE /* qml in Resources */ = {isa = PBXBuildFile; fileRef = 82D94FD6140E56BF00AAB4DE /* qml */; };
		82D9502E140E58F200AAB4DE /* touchandlearn-Info.plist in Resources */ = {isa = PBXBuildFile; fileRef = 8D1107310486CEB800E47090 /* touchandlearn-Info.plist */; };
/* End PBXBuildFile section */

/* Begin PBXFileReference section */
		1D30AB110D05D00D00671497 /* Foundation.framework */ = {isa = PBXFileReference; lastKnownFileType = wrapper.framework; name = Foundation.framework; path = System/Library/Frameworks/Foundation.framework; sourceTree = SDKROOT; };
		1D6058910D05DD3D006BFB54 /* touchandlearn.app */ = {isa = PBXFileReference; explicitFileType = wrapper.application; includeInIndex = 0; path = touchandlearn.app; sourceTree = BUILT_PRODUCTS_DIR; };
		1DF5F4DF0D08C38300B7A737 /* UIKit.framework */ = {isa = PBXFileReference; lastKnownFileType = wrapper.framework; name = UIKit.framework; path = System/Library/Frameworks/UIKit.framework; sourceTree = SDKROOT; };
		288765A40DF7441C002DB57D /* CoreGraphics.framework */ = {isa = PBXFileReference; lastKnownFileType = wrapper.framework; name = CoreGraphics.framework; path = System/Library/Frameworks/CoreGraphics.framework; sourceTree = SDKROOT; };
		32CA4F630368D1EE00C91783 /* touchandlearn_Prefix.pch */ = {isa = PBXFileReference; fileEncoding = 4; lastKnownFileType = sourcecode.c.h; path = touchandlearn_Prefix.pch; sourceTree = "<group>"; };
		82D94E2B140E511B00AAB4DE /* main.mm */ = {isa = PBXFileReference; fileEncoding = 4; lastKnownFileType = sourcecode.cpp.objcpp; path = main.mm; sourceTree = "<group>"; };
		82D94E2D140E512A00AAB4DE /* moc_feedback.cpp */ = {isa = PBXFileReference; fileEncoding = 4; lastKnownFileType = sourcecode.cpp.cpp; path = moc_feedback.cpp; sourceTree = "<group>"; };
		82D94E2E140E512A00AAB4DE /* moc_qmlapplicationviewer.cpp */ = {isa = PBXFileReference; fileEncoding = 4; lastKnownFileType = sourcecode.cpp.cpp; path = moc_qmlapplicationviewer.cpp; sourceTree = "<group>"; };
		82D94E31140E525300AAB4DE /* feedback.cpp */ = {isa = PBXFileReference; fileEncoding = 4; lastKnownFileType = sourcecode.cpp.cpp; name = feedback.cpp; path = ../src/feedback.cpp; sourceTree = SOURCE_ROOT; };
		82D94E32140E525300AAB4DE /* imageprovider.cpp */ = {isa = PBXFileReference; fileEncoding = 4; lastKnownFileType = sourcecode.cpp.cpp; name = imageprovider.cpp; path = ../src/imageprovider.cpp; sourceTree = SOURCE_ROOT; };
		82D94E9E140E53D600AAB4DE /* QuartzCore.framework */ = {isa = PBXFileReference; lastKnownFileType = wrapper.framework; name = QuartzCore.framework; path = System/Library/Frameworks/QuartzCore.framework; sourceTree = SDKROOT; };
		82D94E9F140E53D600AAB4DE /* OpenGLES.framework */ = {isa = PBXFileReference; lastKnownFileType = wrapper.framework; name = OpenGLES.framework; path = System/Library/Frameworks/OpenGLES.framework; sourceTree = SDKROOT; };
		82D94EA0140E53D600AAB4DE /* CoreText.framework */ = {isa = PBXFileReference; lastKnownFileType = wrapper.framework; name = CoreText.framework; path = System/Library/Frameworks/CoreText.framework; sourceTree = SDKROOT; };
		82D94EA1140E53D600AAB4DE /* libz.1.2.3.dylib */ = {isa = PBXFileReference; lastKnownFileType = "compiled.mach-o.dylib"; name = libz.1.2.3.dylib; path = usr/lib/libz.1.2.3.dylib; sourceTree = SDKROOT; };
		82D94EA6140E53F100AAB4DE /* libquikit.a */ = {isa = PBXFileReference; lastKnownFileType = archive.ar; name = libquikit.a; path = "../../../git/qt-lighthouse-ios-device/plugins/platforms/libquikit.a"; sourceTree = SOURCE_ROOT; };
		82D94EA7140E53F100AAB4DE /* libQtCore.a */ = {isa = PBXFileReference; lastKnownFileType = archive.ar; name = libQtCore.a; path = "../../../git/qt-lighthouse-ios-device/lib/libQtCore.a"; sourceTree = SOURCE_ROOT; };
		82D94EA8140E53F100AAB4DE /* libQtDeclarative.a */ = {isa = PBXFileReference; lastKnownFileType = archive.ar; name = libQtDeclarative.a; path = "../../../git/qt-lighthouse-ios-device/lib/libQtDeclarative.a"; sourceTree = SOURCE_ROOT; };
		82D94EA9140E53F100AAB4DE /* libQtGui.a */ = {isa = PBXFileReference; lastKnownFileType = archive.ar; name = libQtGui.a; path = "../../../git/qt-lighthouse-ios-device/lib/libQtGui.a"; sourceTree = SOURCE_ROOT; };
		82D94EAA140E53F100AAB4DE /* libQtNetwork.a */ = {isa = PBXFileReference; lastKnownFileType = archive.ar; name = libQtNetwork.a; path = "../../../git/qt-lighthouse-ios-device/lib/libQtNetwork.a"; sourceTree = SOURCE_ROOT; };
		82D94EAB140E53F100AAB4DE /* libQtOpenGL.a */ = {isa = PBXFileReference; lastKnownFileType = archive.ar; name = libQtOpenGL.a; path = "../../../git/qt-lighthouse-ios-device/lib/libQtOpenGL.a"; sourceTree = SOURCE_ROOT; };
		82D94EAC140E53F100AAB4DE /* libQtScript.a */ = {isa = PBXFileReference; lastKnownFileType = archive.ar; name = libQtScript.a; path = "../../../git/qt-lighthouse-ios-device/lib/libQtScript.a"; sourceTree = SOURCE_ROOT; };
		82D94EAD140E53F100AAB4DE /* libQtSql.a */ = {isa = PBXFileReference; lastKnownFileType = archive.ar; name = libQtSql.a; path = "../../../git/qt-lighthouse-ios-device/lib/libQtSql.a"; sourceTree = SOURCE_ROOT; };
		82D94EAE140E53F100AAB4DE /* libQtXmlPatterns.a */ = {isa = PBXFileReference; lastKnownFileType = archive.ar; name = libQtXmlPatterns.a; path = "../../../git/qt-lighthouse-ios-device/lib/libQtXmlPatterns.a"; sourceTree = SOURCE_ROOT; };
		82D94EBC140E548800AAB4DE /* feedback.h */ = {isa = PBXFileReference; fileEncoding = 4; lastKnownFileType = sourcecode.c.h; name = feedback.h; path = ../src/feedback.h; sourceTree = SOURCE_ROOT; };
		82D94EBD140E548800AAB4DE /* imageprovider.h */ = {isa = PBXFileReference; fileEncoding = 4; lastKnownFileType = sourcecode.c.h; name = imageprovider.h; path = ../src/imageprovider.h; sourceTree = SOURCE_ROOT; };
		82D94EC8140E54F900AAB4DE /* libQtSvg.a */ = {isa = PBXFileReference; lastKnownFileType = archive.ar; name = libQtSvg.a; path = "../../../git/qt-lighthouse-ios-device/lib/libQtSvg.a"; sourceTree = SOURCE_ROOT; };
		82D94ECA140E550200AAB4DE /* libphonon.a */ = {isa = PBXFileReference; lastKnownFileType = archive.ar; name = libphonon.a; path = "../../../git/qt-lighthouse-ios-device/lib/libphonon.a"; sourceTree = SOURCE_ROOT; };
		82D94ECE140E554000AAB4DE /* qmlapplicationviewer.cpp */ = {isa = PBXFileReference; fileEncoding = 4; lastKnownFileType = sourcecode.cpp.cpp; name = qmlapplicationviewer.cpp; path = ../src/qmlapplicationviewer/qmlapplicationviewer.cpp; sourceTree = SOURCE_ROOT; };
		82D94ECF140E554000AAB4DE /* qmlapplicationviewer.h */ = {isa = PBXFileReference; fileEncoding = 4; lastKnownFileType = sourcecode.c.h; name = qmlapplicationviewer.h; path = ../src/qmlapplicationviewer/qmlapplicationviewer.h; sourceTree = SOURCE_ROOT; };
		82D94ED3140E557500AAB4DE /* libphonon_av.a */ = {isa = PBXFileReference; lastKnownFileType = archive.ar; name = libphonon_av.a; path = "../../../git/qt-lighthouse-ios-device/plugins/phonon_backend/libphonon_av.a"; sourceTree = SOURCE_ROOT; };
		82D94F63140E55CB00AAB4DE /* AVFoundation.framework */ = {isa = PBXFileReference; lastKnownFileType = wrapper.framework; name = AVFoundation.framework; path = System/Library/Frameworks/AVFoundation.framework; sourceTree = SDKROOT; };
		82D94FA6140E567E00AAB4DE /* data */ = {isa = PBXFileReference; lastKnownFileType = folder; name = data; path = ../src/data; sourceTree = SOURCE_ROOT; };
		82D94FC8140E569500AAB4DE /* mp3audio */ = {isa = PBXFileReference; lastKnownFileType = folder; name = mp3audio; path = ../src/mp3audio; sourceTree = SOURCE_ROOT; };
		82D94FD6140E56BF00AAB4DE /* qml */ = {isa = PBXFileReference; lastKnownFileType = folder; name = qml; path = ../src/qml; sourceTree = SOURCE_ROOT; };
		8D1107310486CEB800E47090 /* touchandlearn-Info.plist */ = {isa = PBXFileReference; fileEncoding = 4; lastKnownFileType = text.plist.xml; path = "touchandlearn-Info.plist"; plistStructureDefinitionIdentifier = "com.apple.xcode.plist.structure-definition.iphone.info-plist"; sourceTree = "<group>"; };
/* End PBXFileReference section */

/* Begin PBXFrameworksBuildPhase section */
		1D60588F0D05DD3D006BFB54 /* Frameworks */ = {
			isa = PBXFrameworksBuildPhase;
			buildActionMask = 2147483647;
			files = (
				1D60589F0D05DD5A006BFB54 /* Foundation.framework in Frameworks */,
				1DF5F4E00D08C38300B7A737 /* UIKit.framework in Frameworks */,
				288765A50DF7441C002DB57D /* CoreGraphics.framework in Frameworks */,
				82D94EA2140E53D600AAB4DE /* QuartzCore.framework in Frameworks */,
				82D94EA3140E53D600AAB4DE /* OpenGLES.framework in Frameworks */,
				82D94EA4140E53D600AAB4DE /* CoreText.framework in Frameworks */,
				82D94EA5140E53D600AAB4DE /* libz.1.2.3.dylib in Frameworks */,
				82D94EAF140E53F100AAB4DE /* libquikit.a in Frameworks */,
				82D94EB0140E53F100AAB4DE /* libQtCore.a in Frameworks */,
				82D94EB1140E53F100AAB4DE /* libQtDeclarative.a in Frameworks */,
				82D94EB2140E53F100AAB4DE /* libQtGui.a in Frameworks */,
				82D94EB3140E53F100AAB4DE /* libQtNetwork.a in Frameworks */,
				82D94EB4140E53F100AAB4DE /* libQtOpenGL.a in Frameworks */,
				82D94EB5140E53F100AAB4DE /* libQtScript.a in Frameworks */,
				82D94EB6140E53F100AAB4DE /* libQtSql.a in Frameworks */,
				82D94EB7140E53F100AAB4DE /* libQtXmlPatterns.a in Frameworks */,
				82D94EC9140E54F900AAB4DE /* libQtSvg.a in Frameworks */,
				82D94ECB140E550200AAB4DE /* libphonon.a in Frameworks */,
				82D94ED4140E557500AAB4DE /* libphonon_av.a in Frameworks */,
				82D94F64140E55CB00AAB4DE /* AVFoundation.framework in Frameworks */,
			);
			runOnlyForDeploymentPostprocessing = 0;
		};
/* End PBXFrameworksBuildPhase section */

/* Begin PBXGroup section */
		19C28FACFE9D520D11CA2CBB /* Products */ = {
			isa = PBXGroup;
			children = (
				1D6058910D05DD3D006BFB54 /* touchandlearn.app */,
			);
			name = Products;
			sourceTree = "<group>";
		};
		29B97314FDCFA39411CA2CEA /* CustomTemplate */ = {
			isa = PBXGroup;
			children = (
				82D94E2B140E511B00AAB4DE /* main.mm */,
				82D94E2D140E512A00AAB4DE /* moc_feedback.cpp */,
				82D94E2E140E512A00AAB4DE /* moc_qmlapplicationviewer.cpp */,
				82D94E31140E525300AAB4DE /* feedback.cpp */,
				82D94E32140E525300AAB4DE /* imageprovider.cpp */,
				82D94ECE140E554000AAB4DE /* qmlapplicationviewer.cpp */,
				82D94ECF140E554000AAB4DE /* qmlapplicationviewer.h */,
				82D94EBC140E548800AAB4DE /* feedback.h */,
				82D94EBD140E548800AAB4DE /* imageprovider.h */,
				29B97315FDCFA39411CA2CEA /* Other Sources */,
				29B97317FDCFA39411CA2CEA /* Resources */,
				29B97323FDCFA39411CA2CEA /* Frameworks */,
				19C28FACFE9D520D11CA2CBB /* Products */,
			);
			name = CustomTemplate;
			sourceTree = "<group>";
		};
		29B97315FDCFA39411CA2CEA /* Other Sources */ = {
			isa = PBXGroup;
			children = (
				32CA4F630368D1EE00C91783 /* touchandlearn_Prefix.pch */,
			);
			name = "Other Sources";
			sourceTree = "<group>";
		};
		29B97317FDCFA39411CA2CEA /* Resources */ = {
			isa = PBXGroup;
			children = (
				82D94FA6140E567E00AAB4DE /* data */,
				82D94FC8140E569500AAB4DE /* mp3audio */,
				82D94FD6140E56BF00AAB4DE /* qml */,
				8D1107310486CEB800E47090 /* touchandlearn-Info.plist */,
			);
			name = Resources;
			sourceTree = "<group>";
		};
		29B97323FDCFA39411CA2CEA /* Frameworks */ = {
			isa = PBXGroup;
			children = (
				82D94E3B140E539600AAB4DE /* Device */,
				82D94E9E140E53D600AAB4DE /* QuartzCore.framework */,
				82D94E9F140E53D600AAB4DE /* OpenGLES.framework */,
				82D94EA0140E53D600AAB4DE /* CoreText.framework */,
				82D94EA1140E53D600AAB4DE /* libz.1.2.3.dylib */,
				1DF5F4DF0D08C38300B7A737 /* UIKit.framework */,
				1D30AB110D05D00D00671497 /* Foundation.framework */,
				288765A40DF7441C002DB57D /* CoreGraphics.framework */,
				82D94F63140E55CB00AAB4DE /* AVFoundation.framework */,
			);
			name = Frameworks;
			sourceTree = "<group>";
		};
		82D94E3B140E539600AAB4DE /* Device */ = {
			isa = PBXGroup;
			children = (
				82D94EA6140E53F100AAB4DE /* libquikit.a */,
				82D94EA7140E53F100AAB4DE /* libQtCore.a */,
				82D94EA8140E53F100AAB4DE /* libQtDeclarative.a */,
				82D94EA9140E53F100AAB4DE /* libQtGui.a */,
				82D94EAA140E53F100AAB4DE /* libQtNetwork.a */,
				82D94EAB140E53F100AAB4DE /* libQtOpenGL.a */,
				82D94EAC140E53F100AAB4DE /* libQtScript.a */,
				82D94EAD140E53F100AAB4DE /* libQtSql.a */,
				82D94EAE140E53F100AAB4DE /* libQtXmlPatterns.a */,
				82D94EC8140E54F900AAB4DE /* libQtSvg.a */,
				82D94ED3140E557500AAB4DE /* libphonon_av.a */,
				82D94ECA140E550200AAB4DE /* libphonon.a */,
			);
			name = Device;
			sourceTree = "<group>";
		};
/* End PBXGroup section */

/* Begin PBXNativeTarget section */
		1D6058900D05DD3D006BFB54 /* touchandlearn */ = {
			isa = PBXNativeTarget;
			buildConfigurationList = 1D6058960D05DD3E006BFB54 /* Build configuration list for PBXNativeTarget "touchandlearn" */;
			buildPhases = (
				1D60588D0D05DD3D006BFB54 /* Resources */,
				1D60588E0D05DD3D006BFB54 /* Sources */,
				1D60588F0D05DD3D006BFB54 /* Frameworks */,
			);
			buildRules = (
			);
			dependencies = (
			);
			name = touchandlearn;
			productName = touchandlearn;
			productReference = 1D6058910D05DD3D006BFB54 /* touchandlearn.app */;
			productType = "com.apple.product-type.application";
		};
/* End PBXNativeTarget section */

/* Begin PBXProject section */
		29B97313FDCFA39411CA2CEA /* Project object */ = {
			isa = PBXProject;
			buildConfigurationList = C01FCF4E08A954540054247B /* Build configuration list for PBXProject "touchandlearn" */;
			compatibilityVersion = "Xcode 3.2";
			developmentRegion = English;
			hasScannedForEncodings = 1;
			knownRegions = (
				English,
				Japanese,
				French,
				German,
			);
			mainGroup = 29B97314FDCFA39411CA2CEA /* CustomTemplate */;
			projectDirPath = "";
			projectRoot = "";
			targets = (
				1D6058900D05DD3D006BFB54 /* touchandlearn */,
			);
		};
/* End PBXProject section */

/* Begin PBXResourcesBuildPhase section */
		1D60588D0D05DD3D006BFB54 /* Resources */ = {
			isa = PBXResourcesBuildPhase;
			buildActionMask = 2147483647;
			files = (
				82D94FC2140E567E00AAB4DE /* data in Resources */,
				82D94FD3140E569500AAB4DE /* mp3audio in Resources */,
				82D94FF3140E56BF00AAB4DE /* qml in Resources */,
				82D9502E140E58F200AAB4DE /* touchandlearn-Info.plist in Resources */,
			);
			runOnlyForDeploymentPostprocessing = 0;
		};
/* End PBXResourcesBuildPhase section */

/* Begin PBXSourcesBuildPhase section */
		1D60588E0D05DD3D006BFB54 /* Sources */ = {
			isa = PBXSourcesBuildPhase;
			buildActionMask = 2147483647;
			files = (
				82D94E2C140E511B00AAB4DE /* main.mm in Sources */,
				82D94E2F140E512A00AAB4DE /* moc_feedback.cpp in Sources */,
				82D94E30140E512A00AAB4DE /* moc_qmlapplicationviewer.cpp in Sources */,
				82D94E33140E525300AAB4DE /* feedback.cpp in Sources */,
				82D94E34140E525300AAB4DE /* imageprovider.cpp in Sources */,
				82D94ED0140E554000AAB4DE /* qmlapplicationviewer.cpp in Sources */,
			);
			runOnlyForDeploymentPostprocessing = 0;
		};
/* End PBXSourcesBuildPhase section */

/* Begin XCBuildConfiguration section */
		1D6058940D05DD3E006BFB54 /* Debug */ = {
			isa = XCBuildConfiguration;
			buildSettings = {
				ALWAYS_SEARCH_USER_PATHS = NO;
				COPY_PHASE_STRIP = NO;
				GCC_DYNAMIC_NO_PIC = NO;
				GCC_OPTIMIZATION_LEVEL = 0;
				GCC_PRECOMPILE_PREFIX_HEADER = YES;
				GCC_PREFIX_HEADER = touchandlearn_Prefix.pch;
				INFOPLIST_FILE = "touchandlearn-Info.plist";
				LIBRARY_SEARCH_PATHS = (
					"$(inherited)",
					"\"$(SRCROOT)/../../../git/qt-lighthouse-ios-device/plugins/platforms\"",
					"\"$(SRCROOT)/../../../git/qt-lighthouse-ios-device/lib\"",
					"\"$(SRCROOT)/../../../git/qt-lighthouse-ios-device/plugins/phonon_backend\"",
				);
				PRODUCT_NAME = touchandlearn;
			};
			name = Debug;
		};
		1D6058950D05DD3E006BFB54 /* Release */ = {
			isa = XCBuildConfiguration;
			buildSettings = {
				ALWAYS_SEARCH_USER_PATHS = NO;
				COPY_PHASE_STRIP = YES;
				GCC_PRECOMPILE_PREFIX_HEADER = YES;
				GCC_PREFIX_HEADER = touchandlearn_Prefix.pch;
				INFOPLIST_FILE = "touchandlearn-Info.plist";
				LIBRARY_SEARCH_PATHS = (
					"$(inherited)",
					"\"$(SRCROOT)/../../../git/qt-lighthouse-ios-device/plugins/platforms\"",
					"\"$(SRCROOT)/../../../git/qt-lighthouse-ios-device/lib\"",
					"\"$(SRCROOT)/../../../git/qt-lighthouse-ios-device/plugins/phonon_backend\"",
				);
				PRODUCT_NAME = touchandlearn;
				VALIDATE_PRODUCT = YES;
			};
			name = Release;
		};
		C01FCF4F08A954540054247B /* Debug */ = {
			isa = XCBuildConfiguration;
			buildSettings = {
				ARCHS = "$(ARCHS_UNIVERSAL_IPHONE_OS)";
				"CODE_SIGN_IDENTITY[sdk=iphoneos*]" = "iPhone Developer";
				GCC_C_LANGUAGE_STANDARD = c99;
				GCC_WARN_ABOUT_RETURN_TYPE = YES;
				GCC_WARN_UNUSED_VARIABLE = YES;
				HEADER_SEARCH_PATHS = "\"$(SRCROOT)/../../../git/qt-lighthouse-ios-device/include\"";
				PREBINDING = NO;
				SDKROOT = iphoneos;
				TARGETED_DEVICE_FAMILY = "1,2";
				USER_HEADER_SEARCH_PATHS = "\"$(SRCROOT)/../src\" \"$(SRCROOT)/\"";
				VALID_ARCHS = armv7;
			};
			name = Debug;
		};
		C01FCF5008A954540054247B /* Release */ = {
			isa = XCBuildConfiguration;
			buildSettings = {
				ARCHS = "$(ARCHS_UNIVERSAL_IPHONE_OS)";
				"CODE_SIGN_IDENTITY[sdk=iphoneos*]" = "iPhone Developer";
				GCC_C_LANGUAGE_STANDARD = c99;
				GCC_WARN_ABOUT_RETURN_TYPE = YES;
				GCC_WARN_UNUSED_VARIABLE = YES;
				HEADER_SEARCH_PATHS = "\"$(SRCROOT)/../../../git/qt-lighthouse-ios-device/include\"";
				OTHER_CFLAGS = "-DNS_BLOCK_ASSERTIONS=1";
				PREBINDING = NO;
				SDKROOT = iphoneos;
				TARGETED_DEVICE_FAMILY = "1,2";
				USER_HEADER_SEARCH_PATHS = "\"$(SRCROOT)/../src\" \"$(SRCROOT)/\"";
				VALID_ARCHS = armv7;
			};
			name = Release;
		};
/* End XCBuildConfiguration section */

/* Begin XCConfigurationList section */
		1D6058960D05DD3E006BFB54 /* Build configuration list for PBXNativeTarget "touchandlearn" */ = {
			isa = XCConfigurationList;
			buildConfigurations = (
				1D6058940D05DD3E006BFB54 /* Debug */,
				1D6058950D05DD3E006BFB54 /* Release */,
			);
			defaultConfigurationIsVisible = 0;
			defaultConfigurationName = Release;
		};
		C01FCF4E08A954540054247B /* Build configuration list for PBXProject "touchandlearn" */ = {
			isa = XCConfigurationList;
			buildConfigurations = (
				C01FCF4F08A954540054247B /* Debug */,
				C01FCF5008A954540054247B /* Release */,
			);
			defaultConfigurationIsVisible = 0;
			defaultConfigurationName = Release;
		};
/* End XCConfigurationList section */
	};
	rootObject = 29B97313FDCFA39411CA2CEA /* Project object */;
}
